
Microsoft Visual Studio Solution File, Format Version 12.00
# Visual Studio Version 17
VisualStudioVersion = 17.9.34728.123
MinimumVisualStudioVersion = 10.0.40219.1
Project("{FAE04EC0-301F-11D3-BF4B-00C04F79EFBC}") = "WebAPI", "WebAPI\WebAPI.csproj", "{CAAB9C32-B524-4EB5-B730-D203361011FE}"
EndProject
Global
	GlobalSection(SolutionConfigurationPlatforms) = preSolution
		Debug|Any CPU = Debug|Any CPU
		Release|Any CPU = Release|Any CPU
	EndGlobalSection
	GlobalSection(ProjectConfigurationPlatforms) = postSolution
		{CAAB9C32-B524-4EB5-B730-D203361011FE}.Debug|Any CPU.ActiveCfg = Debug|Any CPU
		{CAAB9C32-B524-4EB5-B730-D203361011FE}.Debug|Any CPU.Build.0 = Debug|Any CPU
		{CAAB9C32-B524-4EB5-B730-D203361011FE}.Release|Any CPU.ActiveCfg = Release|Any CPU
		{CAAB9C32-B524-4EB5-B730-D203361011FE}.Release|Any CPU.Build.0 = Release|Any CPU
	EndGlobalSection
	GlobalSection(SolutionProperties) = preSolution
		HideSolutionNode = FALSE
	EndGlobalSection
	GlobalSection(ExtensibilityGlobals) = postSolution
		SolutionGuid = {148209B9-A481-46DB-9CA0-54E6E5A9FC56}
	EndGlobalSection
EndGlobal
